// !$*UTF8*$!
{
	archiveVersion = 1;
	classes = {
	};
	objectVersion = 46;
	objects = {

/* Begin PBXBuildFile section */
		32EEC89F1CC2DE3200E256EB /* AppDelegate.swift in Sources */ = {isa = PBXBuildFile; fileRef = 32EEC89E1CC2DE3200E256EB /* AppDelegate.swift */; };
		32EEC8A11CC2DE3200E256EB /* ViewController.swift in Sources */ = {isa = PBXBuildFile; fileRef = 32EEC8A01CC2DE3200E256EB /* ViewController.swift */; };
		32EEC8A41CC2DE3200E256EB /* Main.storyboard in Resources */ = {isa = PBXBuildFile; fileRef = 32EEC8A21CC2DE3200E256EB /* Main.storyboard */; };
		32EEC8A61CC2DE3200E256EB /* Assets.xcassets in Resources */ = {isa = PBXBuildFile; fileRef = 32EEC8A51CC2DE3200E256EB /* Assets.xcassets */; };
		32EEC8A91CC2DE3200E256EB /* LaunchScreen.storyboard in Resources */ = {isa = PBXBuildFile; fileRef = 32EEC8A71CC2DE3200E256EB /* LaunchScreen.storyboard */; };
/* End PBXBuildFile section */

/* Begin PBXFileReference section */
		32EEC89B1CC2DE3200E256EB /* Timer.app */ = {isa = PBXFileReference; explicitFileType = wrapper.application; includeInIndex = 0; path = Timer.app; sourceTree = BUILT_PRODUCTS_DIR; };
		32EEC89E1CC2DE3200E256EB /* AppDelegate.swift */ = {isa = PBXFileReference; lastKnownFileType = sourcecode.swift; path = AppDelegate.swift; sourceTree = "<group>"; };
		32EEC8A01CC2DE3200E256EB /* ViewController.swift */ = {isa = PBXFileReference; lastKnownFileType = sourcecode.swift; path = ViewController.swift; sourceTree = "<group>"; };
		32EEC8A31CC2DE3200E256EB /* Base */ = {isa = PBXFileReference; lastKnownFileType = file.storyboard; name = Base; path = Base.lproj/Main.storyboard; sourceTree = "<group>"; };
		32EEC8A51CC2DE3200E256EB /* Assets.xcassets */ = {isa = PBXFileReference; lastKnownFileType = folder.assetcatalog; path = Assets.xcassets; sourceTree = "<group>"; };
		32EEC8A81CC2DE3200E256EB /* Base */ = {isa = PBXFileReference; lastKnownFileType = file.storyboard; name = Base; path = Base.lproj/LaunchScreen.storyboard; sourceTree = "<group>"; };
		32EEC8AA1CC2DE3200E256EB /* Info.plist */ = {isa = PBXFileReference; lastKnownFileType = text.plist.xml; path = Info.plist; sourceTree = "<group>"; };
/* End PBXFileReference section */

/* Begin PBXFrameworksBuildPhase section */
		32EEC8981CC2DE3200E256EB /* Frameworks */ = {
			isa = PBXFrameworksBuildPhase;
			buildActionMask = 2147483647;
			files = (
			);
			runOnlyForDeploymentPostprocessing = 0;
		};
/* End PBXFrameworksBuildPhase section */

/* Begin PBXGroup section */
		32EEC8921CC2DE3200E256EB = {
			isa = PBXGroup;
			children = (
				32EEC89D1CC2DE3200E256EB /* Timer */,
				32EEC89C1CC2DE3200E256EB /* Products */,
			);
			sourceTree = "<group>";
		};
		32EEC89C1CC2DE3200E256EB /* Products */ = {
			isa = PBXGroup;
			children = (
				32EEC89B1CC2DE3200E256EB /* Timer.app */,
			);
			name = Products;
			sourceTree = "<group>";
		};
		32EEC89D1CC2DE3200E256EB /* Timer */ = {
			isa = PBXGroup;
			children = (
				32EEC89E1CC2DE3200E256EB /* AppDelegate.swift */,
				32EEC8A01CC2DE3200E256EB /* ViewController.swift */,
				32EEC8A21CC2DE3200E256EB /* Main.storyboard */,
				32EEC8A51CC2DE3200E256EB /* Assets.xcassets */,
				32EEC8A71CC2DE3200E256EB /* LaunchScreen.storyboard */,
				32EEC8AA1CC2DE3200E256EB /* Info.plist */,
			);
			path = Timer;
			sourceTree = "<group>";
		};
/* End PBXGroup section */

/* Begin PBXNativeTarget section */
		32EEC89A1CC2DE3200E256EB /* Timer */ = {
			isa = PBXNativeTarget;
			buildConfigurationList = 32EEC8AD1CC2DE3200E256EB /* Build configuration list for PBXNativeTarget "Timer" */;
			buildPhases = (
				32EEC8971CC2DE3200E256EB /* Sources */,
				32EEC8981CC2DE3200E256EB /* Frameworks */,
				32EEC8991CC2DE3200E256EB /* Resources */,
			);
			buildRules = (
			);
			dependencies = (
			);
			name = Timer;
			productName = Timer;
			productReference = 32EEC89B1CC2DE3200E256EB /* Timer.app */;
			productType = "com.apple.product-type.application";
		};
/* End PBXNativeTarget section */

/* Begin PBXProject section */
		32EEC8931CC2DE3200E256EB /* Project object */ = {
			isa = PBXProject;
			attributes = {
				LastSwiftUpdateCheck = 0730;
				LastUpgradeCheck = 0730;
				ORGANIZATIONNAME = KhaitTech;
				TargetAttributes = {
					32EEC89A1CC2DE3200E256EB = {
						CreatedOnToolsVersion = 7.3;
						DevelopmentTeam = LDPLQD5SRL;
					};
				};
			};
			buildConfigurationList = 32EEC8961CC2DE3200E256EB /* Build configuration list for PBXProject "Timer" */;
			compatibilityVersion = "Xcode 3.2";
			developmentRegion = English;
			hasScannedForEncodings = 0;
			knownRegions = (
				en,
				Base,
			);
			mainGroup = 32EEC8921CC2DE3200E256EB;
			productRefGroup = 32EEC89C1CC2DE3200E256EB /* Products */;
			projectDirPath = "";
			projectRoot = "";
			targets = (
				32EEC89A1CC2DE3200E256EB /* Timer */,
			);
		};
/* End PBXProject section */

/* Begin PBXResourcesBuildPhase section */
		32EEC8991CC2DE3200E256EB /* Resources */ = {
			isa = PBXResourcesBuildPhase;
			buildActionMask = 2147483647;
			files = (
				32EEC8A91CC2DE3200E256EB /* LaunchScreen.storyboard in Resources */,
				32EEC8A61CC2DE3200E256EB /* Assets.xcassets in Resources */,
				32EEC8A41CC2DE3200E256EB /* Main.storyboard in Resources */,
			);
			runOnlyForDeploymentPostprocessing = 0;
		};
/* End PBXResourcesBuildPhase section */

/* Begin PBXSourcesBuildPhase section */
		32EEC8971CC2DE3200E256EB /* Sources */ = {
			isa = PBXSourcesBuildPhase;
			buildActionMask = 2147483647;
			files = (
				32EEC8A11CC2DE3200E256EB /* ViewController.swift in Sources */,
				32EEC89F1CC2DE3200E256EB /* AppDelegate.swift in Sources */,
			);
			runOnlyForDeploymentPostprocessing = 0;
		};
/* End PBXSourcesBuildPhase section */

/* Begin PBXVariantGroup section */
		32EEC8A21CC2DE3200E256EB /* Main.storyboard */ = {
			isa = PBXVariantGroup;
			children = (
				32EEC8A31CC2DE3200E256EB /* Base */,
			);
			name = Main.storyboard;
			sourceTree = "<group>";
		};
		32EEC8A71CC2DE3200E256EB /* LaunchScreen.storyboard */ = {
			isa = PBXVariantGroup;
			children = (
				32EEC8A81CC2DE3200E256EB /* Base */,
			);
			name = LaunchScreen.storyboard;
			sourceTree = "<group>";
		};
/* End PBXVariantGroup section */

/* Begin XCBuildConfiguration section */
		32EEC8AB1CC2DE3200E256EB /* Debug */ = {
			isa = XCBuildConfiguration;
			buildSettings = {
				ALWAYS_SEARCH_USER_PATHS = NO;
				CLANG_ANALYZER_NONNULL = YES;
				CLANG_CXX_LANGUAGE_STANDARD = "gnu++0x";
				CLANG_CXX_LIBRARY = "libc++";
				CLANG_ENABLE_MODULES = YES;
				CLANG_ENABLE_OBJC_ARC = YES;
				CLANG_WARN_BOOL_CONVERSION = YES;
				CLANG_WARN_CONSTANT_CONVERSION = YES;
				CLANG_WARN_DIRECT_OBJC_ISA_USAGE = YES_ERROR;
				CLANG_WARN_EMPTY_BODY = YES;
				CLANG_WARN_ENUM_CONVERSION = YES;
				CLANG_WARN_INT_CONVERSION = YES;
				CLANG_WARN_OBJC_ROOT_CLASS = YES_ERROR;
				CLANG_WARN_UNREACHABLE_CODE = YES;
				CLANG_WARN__DUPLICATE_METHOD_MATCH = YES;
				"CODE_SIGN_IDENTITY[sdk=iphoneos*]" = "iPhone Developer";
				COPY_PHASE_STRIP = NO;
				DEBUG_INFORMATION_FORMAT = dwarf;
				ENABLE_STRICT_OBJC_MSGSEND = YES;
				ENABLE_TESTABILITY = YES;
				GCC_C_LANGUAGE_STANDARD = gnu99;
				GCC_DYNAMIC_NO_PIC = NO;
				GCC_NO_COMMON_BLOCKS = YES;
				GCC_OPTIMIZATION_LEVEL = 0;
				GCC_PREPROCESSOR_DEFINITIONS = (
					"DEBUG=1",
					"$(inherited)",
				);
				GCC_WARN_64_TO_32_BIT_CONVERSION = YES;
				GCC_WARN_ABOUT_RETURN_TYPE = YES_ERROR;
				GCC_WARN_UNDECLARED_SELECTOR = YES;
				GCC_WARN_UNINITIALIZED_AUTOS = YES_AGGRESSIVE;
				GCC_WARN_UNUSED_FUNCTION = YES;
				GCC_WARN_UNUSED_VARIABLE = YES;
				IPHONEOS_DEPLOYMENT_TARGET = 9.3;
				MTL_ENABLE_DEBUG_INFO = YES;
				ONLY_ACTIVE_ARCH = YES;
				SDKROOT = iphoneos;
				SWIFT_OPTIMIZATION_LEVEL = "-Onone";
			};
			name = Debug;
		};
		32EEC8AC1CC2DE3200E256EB /* Release */ = {
			isa = XCBuildConfiguration;
			buildSettings = {
				ALWAYS_SEARCH_USER_PATHS = NO;
				CLANG_ANALYZER_NONNULL = YES;
				CLANG_CXX_LANGUAGE_STANDARD = "gnu++0x";
				CLANG_CXX_LIBRARY = "libc++";
				CLANG_ENABLE_MODULES = YES;
				CLANG_ENABLE_OBJC_ARC = YES;
				CLANG_WARN_BOOL_CONVERSION = YES;
				CLANG_WARN_CONSTANT_CONVERSION = YES;
				CLANG_WARN_DIRECT_OBJC_ISA_USAGE = YES_ERROR;
				CLANG_WARN_EMPTY_BODY = YES;
				CLANG_WARN_ENUM_CONVERSION = YES;
				CLANG_WARN_INT_CONVERSION = YES;
				CLANG_WARN_OBJC_ROOT_CLASS = YES_ERROR;
				CLANG_WARN_UNREACHABLE_CODE = YES;
				CLANG_WARN__DUPLICATE_METHOD_MATCH = YES;
				"CODE_SIGN_IDENTITY[sdk=iphoneos*]" = "iPhone Developer";
				COPY_PHASE_STRIP = NO;
				DEBUG_INFORMATION_FORMAT = "dwarf-with-dsym";
				ENABLE_NS_ASSERTIONS = NO;
				ENABLE_STRICT_OBJC_MSGSEND = YES;
				GCC_C_LANGUAGE_STANDARD = gnu99;
				GCC_NO_COMMON_BLOCKS = YES;
				GCC_WARN_64_TO_32_BIT_CONVERSION = YES;
				GCC_WARN_ABOUT_RETURN_TYPE = YES_ERROR;
				GCC_WARN_UNDECLARED_SELECTOR = YES;
				GCC_WARN_UNINITIALIZED_AUTOS = YES_AGGRESSIVE;
				GCC_WARN_UNUSED_FUNCTION = YES;
				GCC_WARN_UNUSED_VARIABLE = YES;
				IPHONEOS_DEPLOYMENT_TARGET = 9.3;
				MTL_ENABLE_DEBUG_INFO = NO;
				SDKROOT = iphoneos;
				VALIDATE_PRODUCT = YES;
			};
			name = Release;
		};
		32EEC8AE1CC2DE3200E256EB /* Debug */ = {
			isa = XCBuildConfiguration;
			buildSettings = {
				ASSETCATALOG_COMPILER_APPICON_NAME = AppIcon;
				INFOPLIST_FILE = Timer/Info.plist;
				LD_RUNPATH_SEARCH_PATHS = "$(inherited) @executable_path/Frameworks";
				PRODUCT_BUNDLE_IDENTIFIER = com.khaittech.Timer;
				PRODUCT_NAME = "$(TARGET_NAME)";
			};
			name = Debug;
		};
		32EEC8AF1CC2DE3200E256EB /* Release */ = {
			isa = XCBuildConfiguration;
			buildSettings = {
				ASSETCATALOG_COMPILER_APPICON_NAME = AppIcon;
				INFOPLIST_FILE = Timer/Info.plist;
				LD_RUNPATH_SEARCH_PATHS = "$(inherited) @executable_path/Frameworks";
				PRODUCT_BUNDLE_IDENTIFIER = com.khaittech.Timer;
				PRODUCT_NAME = "$(TARGET_NAME)";
			};
			name = Release;
		};
/* End XCBuildConfiguration section */

/* Begin XCConfigurationList section */
		32EEC8961CC2DE3200E256EB /* Build configuration list for PBXProject "Timer" */ = {
			isa = XCConfigurationList;
			buildConfigurations = (
				32EEC8AB1CC2DE3200E256EB /* Debug */,
				32EEC8AC1CC2DE3200E256EB /* Release */,
			);
			defaultConfigurationIsVisible = 0;
			defaultConfigurationName = Release;
		};
		32EEC8AD1CC2DE3200E256EB /* Build configuration list for PBXNativeTarget "Timer" */ = {
			isa = XCConfigurationList;
			buildConfigurations = (
				32EEC8AE1CC2DE3200E256EB /* Debug */,
				32EEC8AF1CC2DE3200E256EB /* Release */,
			);
			defaultConfigurationIsVisible = 0;
		};
/* End XCConfigurationList section */
	};
	rootObject = 32EEC8931CC2DE3200E256EB /* Project object */;
}
