// !$*UTF8*$!
{
	archiveVersion = 1;
	classes = {
	};
	objectVersion = 46;
	objects = {

/* Begin PBXBuildFile section */
		32E3198E1CC928C0009671F4 /* AppDelegate.swift in Sources */ = {isa = PBXBuildFile; fileRef = 32E3198D1CC928C0009671F4 /* AppDelegate.swift */; };
		32E319901CC928C0009671F4 /* ViewController.swift in Sources */ = {isa = PBXBuildFile; fileRef = 32E3198F1CC928C0009671F4 /* ViewController.swift */; };
		32E319931CC928C0009671F4 /* Main.storyboard in Resources */ = {isa = PBXBuildFile; fileRef = 32E319911CC928C0009671F4 /* Main.storyboard */; };
		32E319951CC928C0009671F4 /* Assets.xcassets in Resources */ = {isa = PBXBuildFile; fileRef = 32E319941CC928C0009671F4 /* Assets.xcassets */; };
		32E319981CC928C0009671F4 /* LaunchScreen.storyboard in Resources */ = {isa = PBXBuildFile; fileRef = 32E319961CC928C0009671F4 /* LaunchScreen.storyboard */; };
/* End PBXBuildFile section */

/* Begin PBXFileReference section */
		32E3198A1CC928C0009671F4 /* Segues Example.app */ = {isa = PBXFileReference; explicitFileType = wrapper.application; includeInIndex = 0; path = "Segues Example.app"; sourceTree = BUILT_PRODUCTS_DIR; };
		32E3198D1CC928C0009671F4 /* AppDelegate.swift */ = {isa = PBXFileReference; lastKnownFileType = sourcecode.swift; path = AppDelegate.swift; sourceTree = "<group>"; };
		32E3198F1CC928C0009671F4 /* ViewController.swift */ = {isa = PBXFileReference; lastKnownFileType = sourcecode.swift; path = ViewController.swift; sourceTree = "<group>"; };
		32E319921CC928C0009671F4 /* Base */ = {isa = PBXFileReference; lastKnownFileType = file.storyboard; name = Base; path = Base.lproj/Main.storyboard; sourceTree = "<group>"; };
		32E319941CC928C0009671F4 /* Assets.xcassets */ = {isa = PBXFileReference; lastKnownFileType = folder.assetcatalog; path = Assets.xcassets; sourceTree = "<group>"; };
		32E319971CC928C0009671F4 /* Base */ = {isa = PBXFileReference; lastKnownFileType = file.storyboard; name = Base; path = Base.lproj/LaunchScreen.storyboard; sourceTree = "<group>"; };
		32E319991CC928C0009671F4 /* Info.plist */ = {isa = PBXFileReference; lastKnownFileType = text.plist.xml; path = Info.plist; sourceTree = "<group>"; };
/* End PBXFileReference section */

/* Begin PBXFrameworksBuildPhase section */
		32E319871CC928C0009671F4 /* Frameworks */ = {
			isa = PBXFrameworksBuildPhase;
			buildActionMask = 2147483647;
			files = (
			);
			runOnlyForDeploymentPostprocessing = 0;
		};
/* End PBXFrameworksBuildPhase section */

/* Begin PBXGroup section */
		32E319811CC928C0009671F4 = {
			isa = PBXGroup;
			children = (
				32E3198C1CC928C0009671F4 /* Segues Example */,
				32E3198B1CC928C0009671F4 /* Products */,
			);
			sourceTree = "<group>";
		};
		32E3198B1CC928C0009671F4 /* Products */ = {
			isa = PBXGroup;
			children = (
				32E3198A1CC928C0009671F4 /* Segues Example.app */,
			);
			name = Products;
			sourceTree = "<group>";
		};
		32E3198C1CC928C0009671F4 /* Segues Example */ = {
			isa = PBXGroup;
			children = (
				32E3198D1CC928C0009671F4 /* AppDelegate.swift */,
				32E3198F1CC928C0009671F4 /* ViewController.swift */,
				32E319911CC928C0009671F4 /* Main.storyboard */,
				32E319941CC928C0009671F4 /* Assets.xcassets */,
				32E319961CC928C0009671F4 /* LaunchScreen.storyboard */,
				32E319991CC928C0009671F4 /* Info.plist */,
			);
			path = "Segues Example";
			sourceTree = "<group>";
		};
/* End PBXGroup section */

/* Begin PBXNativeTarget section */
		32E319891CC928C0009671F4 /* Segues Example */ = {
			isa = PBXNativeTarget;
			buildConfigurationList = 32E3199C1CC928C0009671F4 /* Build configuration list for PBXNativeTarget "Segues Example" */;
			buildPhases = (
				32E319861CC928C0009671F4 /* Sources */,
				32E319871CC928C0009671F4 /* Frameworks */,
				32E319881CC928C0009671F4 /* Resources */,
			);
			buildRules = (
			);
			dependencies = (
			);
			name = "Segues Example";
			productName = "Segues Example";
			productReference = 32E3198A1CC928C0009671F4 /* Segues Example.app */;
			productType = "com.apple.product-type.application";
		};
/* End PBXNativeTarget section */

/* Begin PBXProject section */
		32E319821CC928C0009671F4 /* Project object */ = {
			isa = PBXProject;
			attributes = {
				LastSwiftUpdateCheck = 0730;
				LastUpgradeCheck = 0730;
				ORGANIZATIONNAME = KhaitTech;
				TargetAttributes = {
					32E319891CC928C0009671F4 = {
						CreatedOnToolsVersion = 7.3;
						DevelopmentTeam = LDPLQD5SRL;
					};
				};
			};
			buildConfigurationList = 32E319851CC928C0009671F4 /* Build configuration list for PBXProject "Segues Example" */;
			compatibilityVersion = "Xcode 3.2";
			developmentRegion = English;
			hasScannedForEncodings = 0;
			knownRegions = (
				en,
				Base,
			);
			mainGroup = 32E319811CC928C0009671F4;
			productRefGroup = 32E3198B1CC928C0009671F4 /* Products */;
			projectDirPath = "";
			projectRoot = "";
			targets = (
				32E319891CC928C0009671F4 /* Segues Example */,
			);
		};
/* End PBXProject section */

/* Begin PBXResourcesBuildPhase section */
		32E319881CC928C0009671F4 /* Resources */ = {
			isa = PBXResourcesBuildPhase;
			buildActionMask = 2147483647;
			files = (
				32E319981CC928C0009671F4 /* LaunchScreen.storyboard in Resources */,
				32E319951CC928C0009671F4 /* Assets.xcassets in Resources */,
				32E319931CC928C0009671F4 /* Main.storyboard in Resources */,
			);
			runOnlyForDeploymentPostprocessing = 0;
		};
/* End PBXResourcesBuildPhase section */

/* Begin PBXSourcesBuildPhase section */
		32E319861CC928C0009671F4 /* Sources */ = {
			isa = PBXSourcesBuildPhase;
			buildActionMask = 2147483647;
			files = (
				32E319901CC928C0009671F4 /* ViewController.swift in Sources */,
				32E3198E1CC928C0009671F4 /* AppDelegate.swift in Sources */,
			);
			runOnlyForDeploymentPostprocessing = 0;
		};
/* End PBXSourcesBuildPhase section */

/* Begin PBXVariantGroup section */
		32E319911CC928C0009671F4 /* Main.storyboard */ = {
			isa = PBXVariantGroup;
			children = (
				32E319921CC928C0009671F4 /* Base */,
			);
			name = Main.storyboard;
			sourceTree = "<group>";
		};
		32E319961CC928C0009671F4 /* LaunchScreen.storyboard */ = {
			isa = PBXVariantGroup;
			children = (
				32E319971CC928C0009671F4 /* Base */,
			);
			name = LaunchScreen.storyboard;
			sourceTree = "<group>";
		};
/* End PBXVariantGroup section */

/* Begin XCBuildConfiguration section */
		32E3199A1CC928C0009671F4 /* Debug */ = {
			isa = XCBuildConfiguration;
			buildSettings = {
				ALWAYS_SEARCH_USER_PATHS = NO;
				CLANG_ANALYZER_NONNULL = YES;
				CLANG_CXX_LANGUAGE_STANDARD = "gnu++0x";
				CLANG_CXX_LIBRARY = "libc++";
				CLANG_ENABLE_MODULES = YES;
				CLANG_ENABLE_OBJC_ARC = YES;
				CLANG_WARN_BOOL_CONVERSION = YES;
				CLANG_WARN_CONSTANT_CONVERSION = YES;
				CLANG_WARN_DIRECT_OBJC_ISA_USAGE = YES_ERROR;
				CLANG_WARN_EMPTY_BODY = YES;
				CLANG_WARN_ENUM_CONVERSION = YES;
				CLANG_WARN_INT_CONVERSION = YES;
				CLANG_WARN_OBJC_ROOT_CLASS = YES_ERROR;
				CLANG_WARN_UNREACHABLE_CODE = YES;
				CLANG_WARN__DUPLICATE_METHOD_MATCH = YES;
				"CODE_SIGN_IDENTITY[sdk=iphoneos*]" = "iPhone Developer";
				COPY_PHASE_STRIP = NO;
				DEBUG_INFORMATION_FORMAT = dwarf;
				ENABLE_STRICT_OBJC_MSGSEND = YES;
				ENABLE_TESTABILITY = YES;
				GCC_C_LANGUAGE_STANDARD = gnu99;
				GCC_DYNAMIC_NO_PIC = NO;
				GCC_NO_COMMON_BLOCKS = YES;
				GCC_OPTIMIZATION_LEVEL = 0;
				GCC_PREPROCESSOR_DEFINITIONS = (
					"DEBUG=1",
					"$(inherited)",
				);
				GCC_WARN_64_TO_32_BIT_CONVERSION = YES;
				GCC_WARN_ABOUT_RETURN_TYPE = YES_ERROR;
				GCC_WARN_UNDECLARED_SELECTOR = YES;
				GCC_WARN_UNINITIALIZED_AUTOS = YES_AGGRESSIVE;
				GCC_WARN_UNUSED_FUNCTION = YES;
				GCC_WARN_UNUSED_VARIABLE = YES;
				IPHONEOS_DEPLOYMENT_TARGET = 9.3;
				MTL_ENABLE_DEBUG_INFO = YES;
				ONLY_ACTIVE_ARCH = YES;
				SDKROOT = iphoneos;
				SWIFT_OPTIMIZATION_LEVEL = "-Onone";
			};
			name = Debug;
		};
		32E3199B1CC928C0009671F4 /* Release */ = {
			isa = XCBuildConfiguration;
			buildSettings = {
				ALWAYS_SEARCH_USER_PATHS = NO;
				CLANG_ANALYZER_NONNULL = YES;
				CLANG_CXX_LANGUAGE_STANDARD = "gnu++0x";
				CLANG_CXX_LIBRARY = "libc++";
				CLANG_ENABLE_MODULES = YES;
				CLANG_ENABLE_OBJC_ARC = YES;
				CLANG_WARN_BOOL_CONVERSION = YES;
				CLANG_WARN_CONSTANT_CONVERSION = YES;
				CLANG_WARN_DIRECT_OBJC_ISA_USAGE = YES_ERROR;
				CLANG_WARN_EMPTY_BODY = YES;
				CLANG_WARN_ENUM_CONVERSION = YES;
				CLANG_WARN_INT_CONVERSION = YES;
				CLANG_WARN_OBJC_ROOT_CLASS = YES_ERROR;
				CLANG_WARN_UNREACHABLE_CODE = YES;
				CLANG_WARN__DUPLICATE_METHOD_MATCH = YES;
				"CODE_SIGN_IDENTITY[sdk=iphoneos*]" = "iPhone Developer";
				COPY_PHASE_STRIP = NO;
				DEBUG_INFORMATION_FORMAT = "dwarf-with-dsym";
				ENABLE_NS_ASSERTIONS = NO;
				ENABLE_STRICT_OBJC_MSGSEND = YES;
				GCC_C_LANGUAGE_STANDARD = gnu99;
				GCC_NO_COMMON_BLOCKS = YES;
				GCC_WARN_64_TO_32_BIT_CONVERSION = YES;
				GCC_WARN_ABOUT_RETURN_TYPE = YES_ERROR;
				GCC_WARN_UNDECLARED_SELECTOR = YES;
				GCC_WARN_UNINITIALIZED_AUTOS = YES_AGGRESSIVE;
				GCC_WARN_UNUSED_FUNCTION = YES;
				GCC_WARN_UNUSED_VARIABLE = YES;
				IPHONEOS_DEPLOYMENT_TARGET = 9.3;
				MTL_ENABLE_DEBUG_INFO = NO;
				SDKROOT = iphoneos;
				VALIDATE_PRODUCT = YES;
			};
			name = Release;
		};
		32E3199D1CC928C0009671F4 /* Debug */ = {
			isa = XCBuildConfiguration;
			buildSettings = {
				ASSETCATALOG_COMPILER_APPICON_NAME = AppIcon;
				INFOPLIST_FILE = "Segues Example/Info.plist";
				LD_RUNPATH_SEARCH_PATHS = "$(inherited) @executable_path/Frameworks";
				PRODUCT_BUNDLE_IDENTIFIER = "com.khaittech.Segues-Example";
				PRODUCT_NAME = "$(TARGET_NAME)";
			};
			name = Debug;
		};
		32E3199E1CC928C0009671F4 /* Release */ = {
			isa = XCBuildConfiguration;
			buildSettings = {
				ASSETCATALOG_COMPILER_APPICON_NAME = AppIcon;
				INFOPLIST_FILE = "Segues Example/Info.plist";
				LD_RUNPATH_SEARCH_PATHS = "$(inherited) @executable_path/Frameworks";
				PRODUCT_BUNDLE_IDENTIFIER = "com.khaittech.Segues-Example";
				PRODUCT_NAME = "$(TARGET_NAME)";
			};
			name = Release;
		};
/* End XCBuildConfiguration section */

/* Begin XCConfigurationList section */
		32E319851CC928C0009671F4 /* Build configuration list for PBXProject "Segues Example" */ = {
			isa = XCConfigurationList;
			buildConfigurations = (
				32E3199A1CC928C0009671F4 /* Debug */,
				32E3199B1CC928C0009671F4 /* Release */,
			);
			defaultConfigurationIsVisible = 0;
			defaultConfigurationName = Release;
		};
		32E3199C1CC928C0009671F4 /* Build configuration list for PBXNativeTarget "Segues Example" */ = {
			isa = XCConfigurationList;
			buildConfigurations = (
				32E3199D1CC928C0009671F4 /* Debug */,
				32E3199E1CC928C0009671F4 /* Release */,
			);
			defaultConfigurationIsVisible = 0;
		};
/* End XCConfigurationList section */
	};
	rootObject = 32E319821CC928C0009671F4 /* Project object */;
}
