// !$*UTF8*$!
{
	archiveVersion = 1;
	classes = {
	};
	objectVersion = 46;
	objects = {

/* Begin PBXBuildFile section */
		32EEC8631CC232D600E256EB /* AppDelegate.swift in Sources */ = {isa = PBXBuildFile; fileRef = 32EEC8621CC232D600E256EB /* AppDelegate.swift */; };
		32EEC8651CC232D600E256EB /* ViewController.swift in Sources */ = {isa = PBXBuildFile; fileRef = 32EEC8641CC232D600E256EB /* ViewController.swift */; };
		32EEC8681CC232D600E256EB /* Main.storyboard in Resources */ = {isa = PBXBuildFile; fileRef = 32EEC8661CC232D600E256EB /* Main.storyboard */; };
		32EEC86A1CC232D600E256EB /* Assets.xcassets in Resources */ = {isa = PBXBuildFile; fileRef = 32EEC8691CC232D600E256EB /* Assets.xcassets */; };
		32EEC86D1CC232D600E256EB /* LaunchScreen.storyboard in Resources */ = {isa = PBXBuildFile; fileRef = 32EEC86B1CC232D600E256EB /* LaunchScreen.storyboard */; };
/* End PBXBuildFile section */

/* Begin PBXFileReference section */
		32EEC85F1CC232D600E256EB /* Prime.app */ = {isa = PBXFileReference; explicitFileType = wrapper.application; includeInIndex = 0; path = Prime.app; sourceTree = BUILT_PRODUCTS_DIR; };
		32EEC8621CC232D600E256EB /* AppDelegate.swift */ = {isa = PBXFileReference; lastKnownFileType = sourcecode.swift; path = AppDelegate.swift; sourceTree = "<group>"; };
		32EEC8641CC232D600E256EB /* ViewController.swift */ = {isa = PBXFileReference; lastKnownFileType = sourcecode.swift; path = ViewController.swift; sourceTree = "<group>"; };
		32EEC8671CC232D600E256EB /* Base */ = {isa = PBXFileReference; lastKnownFileType = file.storyboard; name = Base; path = Base.lproj/Main.storyboard; sourceTree = "<group>"; };
		32EEC8691CC232D600E256EB /* Assets.xcassets */ = {isa = PBXFileReference; lastKnownFileType = folder.assetcatalog; path = Assets.xcassets; sourceTree = "<group>"; };
		32EEC86C1CC232D600E256EB /* Base */ = {isa = PBXFileReference; lastKnownFileType = file.storyboard; name = Base; path = Base.lproj/LaunchScreen.storyboard; sourceTree = "<group>"; };
		32EEC86E1CC232D600E256EB /* Info.plist */ = {isa = PBXFileReference; lastKnownFileType = text.plist.xml; path = Info.plist; sourceTree = "<group>"; };
/* End PBXFileReference section */

/* Begin PBXFrameworksBuildPhase section */
		32EEC85C1CC232D600E256EB /* Frameworks */ = {
			isa = PBXFrameworksBuildPhase;
			buildActionMask = 2147483647;
			files = (
			);
			runOnlyForDeploymentPostprocessing = 0;
		};
/* End PBXFrameworksBuildPhase section */

/* Begin PBXGroup section */
		32EEC8561CC232D600E256EB = {
			isa = PBXGroup;
			children = (
				32EEC8611CC232D600E256EB /* Prime */,
				32EEC8601CC232D600E256EB /* Products */,
			);
			sourceTree = "<group>";
		};
		32EEC8601CC232D600E256EB /* Products */ = {
			isa = PBXGroup;
			children = (
				32EEC85F1CC232D600E256EB /* Prime.app */,
			);
			name = Products;
			sourceTree = "<group>";
		};
		32EEC8611CC232D600E256EB /* Prime */ = {
			isa = PBXGroup;
			children = (
				32EEC8621CC232D600E256EB /* AppDelegate.swift */,
				32EEC8641CC232D600E256EB /* ViewController.swift */,
				32EEC8661CC232D600E256EB /* Main.storyboard */,
				32EEC8691CC232D600E256EB /* Assets.xcassets */,
				32EEC86B1CC232D600E256EB /* LaunchScreen.storyboard */,
				32EEC86E1CC232D600E256EB /* Info.plist */,
			);
			path = Prime;
			sourceTree = "<group>";
		};
/* End PBXGroup section */

/* Begin PBXNativeTarget section */
		32EEC85E1CC232D600E256EB /* Prime */ = {
			isa = PBXNativeTarget;
			buildConfigurationList = 32EEC8711CC232D600E256EB /* Build configuration list for PBXNativeTarget "Prime" */;
			buildPhases = (
				32EEC85B1CC232D600E256EB /* Sources */,
				32EEC85C1CC232D600E256EB /* Frameworks */,
				32EEC85D1CC232D600E256EB /* Resources */,
			);
			buildRules = (
			);
			dependencies = (
			);
			name = Prime;
			productName = Prime;
			productReference = 32EEC85F1CC232D600E256EB /* Prime.app */;
			productType = "com.apple.product-type.application";
		};
/* End PBXNativeTarget section */

/* Begin PBXProject section */
		32EEC8571CC232D600E256EB /* Project object */ = {
			isa = PBXProject;
			attributes = {
				LastSwiftUpdateCheck = 0730;
				LastUpgradeCheck = 0730;
				ORGANIZATIONNAME = KhaitTech;
				TargetAttributes = {
					32EEC85E1CC232D600E256EB = {
						CreatedOnToolsVersion = 7.3;
						DevelopmentTeam = LDPLQD5SRL;
					};
				};
			};
			buildConfigurationList = 32EEC85A1CC232D600E256EB /* Build configuration list for PBXProject "Prime" */;
			compatibilityVersion = "Xcode 3.2";
			developmentRegion = English;
			hasScannedForEncodings = 0;
			knownRegions = (
				en,
				Base,
			);
			mainGroup = 32EEC8561CC232D600E256EB;
			productRefGroup = 32EEC8601CC232D600E256EB /* Products */;
			projectDirPath = "";
			projectRoot = "";
			targets = (
				32EEC85E1CC232D600E256EB /* Prime */,
			);
		};
/* End PBXProject section */

/* Begin PBXResourcesBuildPhase section */
		32EEC85D1CC232D600E256EB /* Resources */ = {
			isa = PBXResourcesBuildPhase;
			buildActionMask = 2147483647;
			files = (
				32EEC86D1CC232D600E256EB /* LaunchScreen.storyboard in Resources */,
				32EEC86A1CC232D600E256EB /* Assets.xcassets in Resources */,
				32EEC8681CC232D600E256EB /* Main.storyboard in Resources */,
			);
			runOnlyForDeploymentPostprocessing = 0;
		};
/* End PBXResourcesBuildPhase section */

/* Begin PBXSourcesBuildPhase section */
		32EEC85B1CC232D600E256EB /* Sources */ = {
			isa = PBXSourcesBuildPhase;
			buildActionMask = 2147483647;
			files = (
				32EEC8651CC232D600E256EB /* ViewController.swift in Sources */,
				32EEC8631CC232D600E256EB /* AppDelegate.swift in Sources */,
			);
			runOnlyForDeploymentPostprocessing = 0;
		};
/* End PBXSourcesBuildPhase section */

/* Begin PBXVariantGroup section */
		32EEC8661CC232D600E256EB /* Main.storyboard */ = {
			isa = PBXVariantGroup;
			children = (
				32EEC8671CC232D600E256EB /* Base */,
			);
			name = Main.storyboard;
			sourceTree = "<group>";
		};
		32EEC86B1CC232D600E256EB /* LaunchScreen.storyboard */ = {
			isa = PBXVariantGroup;
			children = (
				32EEC86C1CC232D600E256EB /* Base */,
			);
			name = LaunchScreen.storyboard;
			sourceTree = "<group>";
		};
/* End PBXVariantGroup section */

/* Begin XCBuildConfiguration section */
		32EEC86F1CC232D600E256EB /* Debug */ = {
			isa = XCBuildConfiguration;
			buildSettings = {
				ALWAYS_SEARCH_USER_PATHS = NO;
				CLANG_ANALYZER_NONNULL = YES;
				CLANG_CXX_LANGUAGE_STANDARD = "gnu++0x";
				CLANG_CXX_LIBRARY = "libc++";
				CLANG_ENABLE_MODULES = YES;
				CLANG_ENABLE_OBJC_ARC = YES;
				CLANG_WARN_BOOL_CONVERSION = YES;
				CLANG_WARN_CONSTANT_CONVERSION = YES;
				CLANG_WARN_DIRECT_OBJC_ISA_USAGE = YES_ERROR;
				CLANG_WARN_EMPTY_BODY = YES;
				CLANG_WARN_ENUM_CONVERSION = YES;
				CLANG_WARN_INT_CONVERSION = YES;
				CLANG_WARN_OBJC_ROOT_CLASS = YES_ERROR;
				CLANG_WARN_UNREACHABLE_CODE = YES;
				CLANG_WARN__DUPLICATE_METHOD_MATCH = YES;
				"CODE_SIGN_IDENTITY[sdk=iphoneos*]" = "iPhone Developer";
				COPY_PHASE_STRIP = NO;
				DEBUG_INFORMATION_FORMAT = dwarf;
				ENABLE_STRICT_OBJC_MSGSEND = YES;
				ENABLE_TESTABILITY = YES;
				GCC_C_LANGUAGE_STANDARD = gnu99;
				GCC_DYNAMIC_NO_PIC = NO;
				GCC_NO_COMMON_BLOCKS = YES;
				GCC_OPTIMIZATION_LEVEL = 0;
				GCC_PREPROCESSOR_DEFINITIONS = (
					"DEBUG=1",
					"$(inherited)",
				);
				GCC_WARN_64_TO_32_BIT_CONVERSION = YES;
				GCC_WARN_ABOUT_RETURN_TYPE = YES_ERROR;
				GCC_WARN_UNDECLARED_SELECTOR = YES;
				GCC_WARN_UNINITIALIZED_AUTOS = YES_AGGRESSIVE;
				GCC_WARN_UNUSED_FUNCTION = YES;
				GCC_WARN_UNUSED_VARIABLE = YES;
				IPHONEOS_DEPLOYMENT_TARGET = 9.3;
				MTL_ENABLE_DEBUG_INFO = YES;
				ONLY_ACTIVE_ARCH = YES;
				SDKROOT = iphoneos;
				SWIFT_OPTIMIZATION_LEVEL = "-Onone";
			};
			name = Debug;
		};
		32EEC8701CC232D600E256EB /* Release */ = {
			isa = XCBuildConfiguration;
			buildSettings = {
				ALWAYS_SEARCH_USER_PATHS = NO;
				CLANG_ANALYZER_NONNULL = YES;
				CLANG_CXX_LANGUAGE_STANDARD = "gnu++0x";
				CLANG_CXX_LIBRARY = "libc++";
				CLANG_ENABLE_MODULES = YES;
				CLANG_ENABLE_OBJC_ARC = YES;
				CLANG_WARN_BOOL_CONVERSION = YES;
				CLANG_WARN_CONSTANT_CONVERSION = YES;
				CLANG_WARN_DIRECT_OBJC_ISA_USAGE = YES_ERROR;
				CLANG_WARN_EMPTY_BODY = YES;
				CLANG_WARN_ENUM_CONVERSION = YES;
				CLANG_WARN_INT_CONVERSION = YES;
				CLANG_WARN_OBJC_ROOT_CLASS = YES_ERROR;
				CLANG_WARN_UNREACHABLE_CODE = YES;
				CLANG_WARN__DUPLICATE_METHOD_MATCH = YES;
				"CODE_SIGN_IDENTITY[sdk=iphoneos*]" = "iPhone Developer";
				COPY_PHASE_STRIP = NO;
				DEBUG_INFORMATION_FORMAT = "dwarf-with-dsym";
				ENABLE_NS_ASSERTIONS = NO;
				ENABLE_STRICT_OBJC_MSGSEND = YES;
				GCC_C_LANGUAGE_STANDARD = gnu99;
				GCC_NO_COMMON_BLOCKS = YES;
				GCC_WARN_64_TO_32_BIT_CONVERSION = YES;
				GCC_WARN_ABOUT_RETURN_TYPE = YES_ERROR;
				GCC_WARN_UNDECLARED_SELECTOR = YES;
				GCC_WARN_UNINITIALIZED_AUTOS = YES_AGGRESSIVE;
				GCC_WARN_UNUSED_FUNCTION = YES;
				GCC_WARN_UNUSED_VARIABLE = YES;
				IPHONEOS_DEPLOYMENT_TARGET = 9.3;
				MTL_ENABLE_DEBUG_INFO = NO;
				SDKROOT = iphoneos;
				VALIDATE_PRODUCT = YES;
			};
			name = Release;
		};
		32EEC8721CC232D600E256EB /* Debug */ = {
			isa = XCBuildConfiguration;
			buildSettings = {
				ASSETCATALOG_COMPILER_APPICON_NAME = AppIcon;
				INFOPLIST_FILE = Prime/Info.plist;
				LD_RUNPATH_SEARCH_PATHS = "$(inherited) @executable_path/Frameworks";
				PRODUCT_BUNDLE_IDENTIFIER = com.khaittech.Prime;
				PRODUCT_NAME = "$(TARGET_NAME)";
			};
			name = Debug;
		};
		32EEC8731CC232D600E256EB /* Release */ = {
			isa = XCBuildConfiguration;
			buildSettings = {
				ASSETCATALOG_COMPILER_APPICON_NAME = AppIcon;
				INFOPLIST_FILE = Prime/Info.plist;
				LD_RUNPATH_SEARCH_PATHS = "$(inherited) @executable_path/Frameworks";
				PRODUCT_BUNDLE_IDENTIFIER = com.khaittech.Prime;
				PRODUCT_NAME = "$(TARGET_NAME)";
			};
			name = Release;
		};
/* End XCBuildConfiguration section */

/* Begin XCConfigurationList section */
		32EEC85A1CC232D600E256EB /* Build configuration list for PBXProject "Prime" */ = {
			isa = XCConfigurationList;
			buildConfigurations = (
				32EEC86F1CC232D600E256EB /* Debug */,
				32EEC8701CC232D600E256EB /* Release */,
			);
			defaultConfigurationIsVisible = 0;
			defaultConfigurationName = Release;
		};
		32EEC8711CC232D600E256EB /* Build configuration list for PBXNativeTarget "Prime" */ = {
			isa = XCConfigurationList;
			buildConfigurations = (
				32EEC8721CC232D600E256EB /* Debug */,
				32EEC8731CC232D600E256EB /* Release */,
			);
			defaultConfigurationIsVisible = 0;
		};
/* End XCConfigurationList section */
	};
	rootObject = 32EEC8571CC232D600E256EB /* Project object */;
}
